
Microsoft Visual Studio Solution File, Format Version 12.00
# Visual Studio Version 17
VisualStudioVersion = 17.10.35122.118
MinimumVisualStudioVersion = 10.0.40219.1
Project("{FAE04EC0-301F-11D3-BF4B-00C04F79EFBC}") = "mauiPlanets", "mauiPlanets\mauiPlanets.csproj", "{B6199219-5E4C-467B-84AC-C9B23F706963}"
EndProject
Global
	GlobalSection(SolutionConfigurationPlatforms) = preSolution
		Debug|Any CPU = Debug|Any CPU
		Release|Any CPU = Release|Any CPU
	EndGlobalSection
	GlobalSection(ProjectConfigurationPlatforms) = postSolution
		{B6199219-5E4C-467B-84AC-C9B23F706963}.Debug|Any CPU.ActiveCfg = Debug|Any CPU
		{B6199219-5E4C-467B-84AC-C9B23F706963}.Debug|Any CPU.Build.0 = Debug|Any CPU
		{B6199219-5E4C-467B-84AC-C9B23F706963}.Debug|Any CPU.Deploy.0 = Debug|Any CPU
		{B6199219-5E4C-467B-84AC-C9B23F706963}.Release|Any CPU.ActiveCfg = Release|Any CPU
		{B6199219-5E4C-467B-84AC-C9B23F706963}.Release|Any CPU.Build.0 = Release|Any CPU
		{B6199219-5E4C-467B-84AC-C9B23F706963}.Release|Any CPU.Deploy.0 = Release|Any CPU
	EndGlobalSection
	GlobalSection(SolutionProperties) = preSolution
		HideSolutionNode = FALSE
	EndGlobalSection
	GlobalSection(ExtensibilityGlobals) = postSolution
		SolutionGuid = {8E9AD0A0-A680-4809-B6CD-27D5E61DA994}
	EndGlobalSection
EndGlobal
